
Microsoft Visual Studio Solution File, Format Version 12.00
Project("{FAE04EC0-301F-11D3-BF4B-00C04F79EFBC}") = "Lrc2Storyboard", "Lrc2Storyboard\Lrc2Storyboard.csproj", "{9765BBCC-CAB8-4A09-95AB-594A095FFD62}"
EndProject
Global
	GlobalSection(SolutionConfigurationPlatforms) = preSolution
		Debug|Any CPU = Debug|Any CPU
		Release|Any CPU = Release|Any CPU
	EndGlobalSection
	GlobalSection(ProjectConfigurationPlatforms) = postSolution
		{9765BBCC-CAB8-4A09-95AB-594A095FFD62}.Release|Any CPU.ActiveCfg = Release|Any CPU
		{9765BBCC-CAB8-4A09-95AB-594A095FFD62}.Release|Any CPU.Build.0 = Release|Any CPU
		{9765BBCC-CAB8-4A09-95AB-594A095FFD62}.Debug|Any CPU.ActiveCfg = Release|Any CPU
		{9765BBCC-CAB8-4A09-95AB-594A095FFD62}.Debug|Any CPU.Build.0 = Release|Any CPU
	EndGlobalSection
EndGlobal
